
Microsoft Visual Studio Solution File, Format Version 12.00
# Visual Studio Version 16
VisualStudioVersion = 16.0.31911.196
MinimumVisualStudioVersion = 10.0.40219.1
Project("{FAE04EC0-301F-11D3-BF4B-00C04F79EFBC}") = "Hangfire_0", "Hangfire_0\Hangfire_0.csproj", "{996DBBC8-F5BC-4CDC-8A47-075484ABB5E0}"
EndProject
Global
	GlobalSection(SolutionConfigurationPlatforms) = preSolution
		Debug|Any CPU = Debug|Any CPU
		Release|Any CPU = Release|Any CPU
	EndGlobalSection
	GlobalSection(ProjectConfigurationPlatforms) = postSolution
		{996DBBC8-F5BC-4CDC-8A47-075484ABB5E0}.Debug|Any CPU.ActiveCfg = Debug|Any CPU
		{996DBBC8-F5BC-4CDC-8A47-075484ABB5E0}.Debug|Any CPU.Build.0 = Debug|Any CPU
		{996DBBC8-F5BC-4CDC-8A47-075484ABB5E0}.Release|Any CPU.ActiveCfg = Release|Any CPU
		{996DBBC8-F5BC-4CDC-8A47-075484ABB5E0}.Release|Any CPU.Build.0 = Release|Any CPU
	EndGlobalSection
	GlobalSection(SolutionProperties) = preSolution
		HideSolutionNode = FALSE
	EndGlobalSection
	GlobalSection(ExtensibilityGlobals) = postSolution
		SolutionGuid = {744A7B8B-5679-4B5F-87C5-64A172577B93}
	EndGlobalSection
EndGlobal
