
Microsoft Visual Studio Solution File, Format Version 12.00
# Visual Studio Version 16
VisualStudioVersion = 16.0.31911.196
MinimumVisualStudioVersion = 10.0.40219.1
Project("{FAE04EC0-301F-11D3-BF4B-00C04F79EFBC}") = "TopshelfService_0", "TopshelfService_0\TopshelfService_0.csproj", "{98FF5173-7532-439A-BE6D-99DFB848EF90}"
EndProject
Global
	GlobalSection(SolutionConfigurationPlatforms) = preSolution
		Debug|Any CPU = Debug|Any CPU
		Release|Any CPU = Release|Any CPU
	EndGlobalSection
	GlobalSection(ProjectConfigurationPlatforms) = postSolution
		{98FF5173-7532-439A-BE6D-99DFB848EF90}.Debug|Any CPU.ActiveCfg = Debug|Any CPU
		{98FF5173-7532-439A-BE6D-99DFB848EF90}.Debug|Any CPU.Build.0 = Debug|Any CPU
		{98FF5173-7532-439A-BE6D-99DFB848EF90}.Release|Any CPU.ActiveCfg = Release|Any CPU
		{98FF5173-7532-439A-BE6D-99DFB848EF90}.Release|Any CPU.Build.0 = Release|Any CPU
	EndGlobalSection
	GlobalSection(SolutionProperties) = preSolution
		HideSolutionNode = FALSE
	EndGlobalSection
	GlobalSection(ExtensibilityGlobals) = postSolution
		SolutionGuid = {BD0A8313-E4FF-4250-9B2C-6FFF5BDBC70A}
	EndGlobalSection
EndGlobal
