
Microsoft Visual Studio Solution File, Format Version 12.00
# Visual Studio Version 16
VisualStudioVersion = 16.0.31911.196
MinimumVisualStudioVersion = 10.0.40219.1
Project("{FAE04EC0-301F-11D3-BF4B-00C04F79EFBC}") = "MediatR_0", "MediatR_0\MediatR_0.csproj", "{57C37794-5492-4E86-BC84-45FB7F0D56C5}"
EndProject
Global
	GlobalSection(SolutionConfigurationPlatforms) = preSolution
		Debug|Any CPU = Debug|Any CPU
		Release|Any CPU = Release|Any CPU
	EndGlobalSection
	GlobalSection(ProjectConfigurationPlatforms) = postSolution
		{57C37794-5492-4E86-BC84-45FB7F0D56C5}.Debug|Any CPU.ActiveCfg = Debug|Any CPU
		{57C37794-5492-4E86-BC84-45FB7F0D56C5}.Debug|Any CPU.Build.0 = Debug|Any CPU
		{57C37794-5492-4E86-BC84-45FB7F0D56C5}.Release|Any CPU.ActiveCfg = Release|Any CPU
		{57C37794-5492-4E86-BC84-45FB7F0D56C5}.Release|Any CPU.Build.0 = Release|Any CPU
	EndGlobalSection
	GlobalSection(SolutionProperties) = preSolution
		HideSolutionNode = FALSE
	EndGlobalSection
	GlobalSection(ExtensibilityGlobals) = postSolution
		SolutionGuid = {91220943-C42E-403A-8BF9-4CBBFA4C3A15}
	EndGlobalSection
EndGlobal
