
Microsoft Visual Studio Solution File, Format Version 12.00
# Visual Studio Version 16
VisualStudioVersion = 16.0.31911.196
MinimumVisualStudioVersion = 10.0.40219.1
Project("{FAE04EC0-301F-11D3-BF4B-00C04F79EFBC}") = "WorkerService_0", "WorkerService_0\WorkerService_0.csproj", "{9A2CE8B5-C44A-4101-A12C-DB59D4B77CB1}"
EndProject
Global
	GlobalSection(SolutionConfigurationPlatforms) = preSolution
		Debug|Any CPU = Debug|Any CPU
		Release|Any CPU = Release|Any CPU
	EndGlobalSection
	GlobalSection(ProjectConfigurationPlatforms) = postSolution
		{9A2CE8B5-C44A-4101-A12C-DB59D4B77CB1}.Debug|Any CPU.ActiveCfg = Debug|Any CPU
		{9A2CE8B5-C44A-4101-A12C-DB59D4B77CB1}.Debug|Any CPU.Build.0 = Debug|Any CPU
		{9A2CE8B5-C44A-4101-A12C-DB59D4B77CB1}.Release|Any CPU.ActiveCfg = Release|Any CPU
		{9A2CE8B5-C44A-4101-A12C-DB59D4B77CB1}.Release|Any CPU.Build.0 = Release|Any CPU
	EndGlobalSection
	GlobalSection(SolutionProperties) = preSolution
		HideSolutionNode = FALSE
	EndGlobalSection
	GlobalSection(ExtensibilityGlobals) = postSolution
		SolutionGuid = {4111AA15-9E31-4D33-A99E-723E0B252BE6}
	EndGlobalSection
EndGlobal
