
Microsoft Visual Studio Solution File, Format Version 12.00
# Visual Studio Version 17
VisualStudioVersion = 17.1.32414.318
MinimumVisualStudioVersion = 10.0.40219.1
Project("{FAE04EC0-301F-11D3-BF4B-00C04F79EFBC}") = "TXCFluValidation", "TXCFluValidation\TXCFluValidation.csproj", "{A1351789-D473-4C8E-ABA3-83B744599F05}"
EndProject
Global
	GlobalSection(SolutionConfigurationPlatforms) = preSolution
		Debug|Any CPU = Debug|Any CPU
		Release|Any CPU = Release|Any CPU
	EndGlobalSection
	GlobalSection(ProjectConfigurationPlatforms) = postSolution
		{A1351789-D473-4C8E-ABA3-83B744599F05}.Debug|Any CPU.ActiveCfg = Debug|Any CPU
		{A1351789-D473-4C8E-ABA3-83B744599F05}.Debug|Any CPU.Build.0 = Debug|Any CPU
		{A1351789-D473-4C8E-ABA3-83B744599F05}.Release|Any CPU.ActiveCfg = Release|Any CPU
		{A1351789-D473-4C8E-ABA3-83B744599F05}.Release|Any CPU.Build.0 = Release|Any CPU
	EndGlobalSection
	GlobalSection(SolutionProperties) = preSolution
		HideSolutionNode = FALSE
	EndGlobalSection
	GlobalSection(ExtensibilityGlobals) = postSolution
		SolutionGuid = {D063D680-486D-4905-9955-44091DBBB648}
	EndGlobalSection
EndGlobal
