
Microsoft Visual Studio Solution File, Format Version 12.00
# Visual Studio Version 16
VisualStudioVersion = 16.0.31911.196
MinimumVisualStudioVersion = 10.0.40219.1
Project("{FAE04EC0-301F-11D3-BF4B-00C04F79EFBC}") = "EnvironmentVariableDemoAPI", "EnvironmentVariableDemoAPI\EnvironmentVariableDemoAPI.csproj", "{FDA845B3-4BAB-48E6-AB8D-074D942AD603}"
EndProject
Global
	GlobalSection(SolutionConfigurationPlatforms) = preSolution
		Debug|Any CPU = Debug|Any CPU
		Release|Any CPU = Release|Any CPU
	EndGlobalSection
	GlobalSection(ProjectConfigurationPlatforms) = postSolution
		{FDA845B3-4BAB-48E6-AB8D-074D942AD603}.Debug|Any CPU.ActiveCfg = Debug|Any CPU
		{FDA845B3-4BAB-48E6-AB8D-074D942AD603}.Debug|Any CPU.Build.0 = Debug|Any CPU
		{FDA845B3-4BAB-48E6-AB8D-074D942AD603}.Release|Any CPU.ActiveCfg = Release|Any CPU
		{FDA845B3-4BAB-48E6-AB8D-074D942AD603}.Release|Any CPU.Build.0 = Release|Any CPU
	EndGlobalSection
	GlobalSection(SolutionProperties) = preSolution
		HideSolutionNode = FALSE
	EndGlobalSection
	GlobalSection(ExtensibilityGlobals) = postSolution
		SolutionGuid = {33D4F65A-D3BF-4D49-9680-A0489CD2A3F3}
	EndGlobalSection
EndGlobal
