
Microsoft Visual Studio Solution File, Format Version 12.00
# Visual Studio Version 16
VisualStudioVersion = 16.0.29806.167
MinimumVisualStudioVersion = 10.0.40219.1
Project("{FAE04EC0-301F-11D3-BF4B-00C04F79EFBC}") = "FirstCoreMVCApplication", "FirstCoreMVCApplication\FirstCoreMVCApplication.csproj", "{AED6ADD1-0597-43AC-926A-BFA0D158F0D5}"
EndProject
Global
	GlobalSection(SolutionConfigurationPlatforms) = preSolution
		Debug|Any CPU = Debug|Any CPU
		Release|Any CPU = Release|Any CPU
	EndGlobalSection
	GlobalSection(ProjectConfigurationPlatforms) = postSolution
		{AED6ADD1-0597-43AC-926A-BFA0D158F0D5}.Debug|Any CPU.ActiveCfg = Debug|Any CPU
		{AED6ADD1-0597-43AC-926A-BFA0D158F0D5}.Debug|Any CPU.Build.0 = Debug|Any CPU
		{AED6ADD1-0597-43AC-926A-BFA0D158F0D5}.Release|Any CPU.ActiveCfg = Release|Any CPU
		{AED6ADD1-0597-43AC-926A-BFA0D158F0D5}.Release|Any CPU.Build.0 = Release|Any CPU
	EndGlobalSection
	GlobalSection(SolutionProperties) = preSolution
		HideSolutionNode = FALSE
	EndGlobalSection
	GlobalSection(ExtensibilityGlobals) = postSolution
		SolutionGuid = {D1130E9B-C47F-430E-9FD2-946FF0EE8A70}
	EndGlobalSection
EndGlobal
